// !$*UTF8*$!
{
	archiveVersion = 1;
	classes = {
	};
	objectVersion = 46;
	objects = {

/* Begin PBXBuildFile section */
		FF075A321E8F4DE2001DB879 /* AppDelegate.swift in Sources */ = {isa = PBXBuildFile; fileRef = FF075A311E8F4DE2001DB879 /* AppDelegate.swift */; };
		FF075A341E8F4DE2001DB879 /* ViewController.swift in Sources */ = {isa = PBXBuildFile; fileRef = FF075A331E8F4DE2001DB879 /* ViewController.swift */; };
		FF075A371E8F4DE2001DB879 /* Main.storyboard in Resources */ = {isa = PBXBuildFile; fileRef = FF075A351E8F4DE2001DB879 /* Main.storyboard */; };
		FF075A391E8F4DE2001DB879 /* Assets.xcassets in Resources */ = {isa = PBXBuildFile; fileRef = FF075A381E8F4DE2001DB879 /* Assets.xcassets */; };
		FF075A3C1E8F4DE2001DB879 /* LaunchScreen.storyboard in Resources */ = {isa = PBXBuildFile; fileRef = FF075A3A1E8F4DE2001DB879 /* LaunchScreen.storyboard */; };
		FF075A471E8F4E77001DB879 /* Conversion.swift in Sources */ = {isa = PBXBuildFile; fileRef = FF075A461E8F4E77001DB879 /* Conversion.swift */; };
/* End PBXBuildFile section */

/* Begin PBXFileReference section */
		FF075A2E1E8F4DE2001DB879 /* UnitConverter.app */ = {isa = PBXFileReference; explicitFileType = wrapper.application; includeInIndex = 0; path = UnitConverter.app; sourceTree = BUILT_PRODUCTS_DIR; };
		FF075A311E8F4DE2001DB879 /* AppDelegate.swift */ = {isa = PBXFileReference; lastKnownFileType = sourcecode.swift; path = AppDelegate.swift; sourceTree = "<group>"; };
		FF075A331E8F4DE2001DB879 /* ViewController.swift */ = {isa = PBXFileReference; lastKnownFileType = sourcecode.swift; path = ViewController.swift; sourceTree = "<group>"; };
		FF075A361E8F4DE2001DB879 /* Base */ = {isa = PBXFileReference; lastKnownFileType = file.storyboard; name = Base; path = Base.lproj/Main.storyboard; sourceTree = "<group>"; };
		FF075A381E8F4DE2001DB879 /* Assets.xcassets */ = {isa = PBXFileReference; lastKnownFileType = folder.assetcatalog; path = Assets.xcassets; sourceTree = "<group>"; };
		FF075A3B1E8F4DE2001DB879 /* Base */ = {isa = PBXFileReference; lastKnownFileType = file.storyboard; name = Base; path = Base.lproj/LaunchScreen.storyboard; sourceTree = "<group>"; };
		FF075A3D1E8F4DE2001DB879 /* Info.plist */ = {isa = PBXFileReference; lastKnownFileType = text.plist.xml; path = Info.plist; sourceTree = "<group>"; };
		FF075A461E8F4E77001DB879 /* Conversion.swift */ = {isa = PBXFileReference; fileEncoding = 4; lastKnownFileType = sourcecode.swift; path = Conversion.swift; sourceTree = "<group>"; };
/* End PBXFileReference section */

/* Begin PBXFrameworksBuildPhase section */
		FF075A2B1E8F4DE2001DB879 /* Frameworks */ = {
			isa = PBXFrameworksBuildPhase;
			buildActionMask = 2147483647;
			files = (
			);
			runOnlyForDeploymentPostprocessing = 0;
		};
/* End PBXFrameworksBuildPhase section */

/* Begin PBXGroup section */
		FF075A251E8F4DE2001DB879 = {
			isa = PBXGroup;
			children = (
				FF075A301E8F4DE2001DB879 /* UnitConverter */,
				FF075A2F1E8F4DE2001DB879 /* Products */,
			);
			sourceTree = "<group>";
		};
		FF075A2F1E8F4DE2001DB879 /* Products */ = {
			isa = PBXGroup;
			children = (
				FF075A2E1E8F4DE2001DB879 /* UnitConverter.app */,
			);
			name = Products;
			sourceTree = "<group>";
		};
		FF075A301E8F4DE2001DB879 /* UnitConverter */ = {
			isa = PBXGroup;
			children = (
				FF075A451E8F4E67001DB879 /* Models */,
				FF075A311E8F4DE2001DB879 /* AppDelegate.swift */,
				FF075A331E8F4DE2001DB879 /* ViewController.swift */,
				FF075A351E8F4DE2001DB879 /* Main.storyboard */,
				FF075A381E8F4DE2001DB879 /* Assets.xcassets */,
				FF075A3A1E8F4DE2001DB879 /* LaunchScreen.storyboard */,
				FF075A3D1E8F4DE2001DB879 /* Info.plist */,
			);
			path = UnitConverter;
			sourceTree = "<group>";
		};
		FF075A451E8F4E67001DB879 /* Models */ = {
			isa = PBXGroup;
			children = (
				FF075A461E8F4E77001DB879 /* Conversion.swift */,
			);
			path = Models;
			sourceTree = "<group>";
		};
/* End PBXGroup section */

/* Begin PBXNativeTarget section */
		FF075A2D1E8F4DE2001DB879 /* UnitConverter */ = {
			isa = PBXNativeTarget;
			buildConfigurationList = FF075A401E8F4DE2001DB879 /* Build configuration list for PBXNativeTarget "UnitConverter" */;
			buildPhases = (
				FF075A2A1E8F4DE2001DB879 /* Sources */,
				FF075A2B1E8F4DE2001DB879 /* Frameworks */,
				FF075A2C1E8F4DE2001DB879 /* Resources */,
			);
			buildRules = (
			);
			dependencies = (
			);
			name = UnitConverter;
			productName = UnitConverter;
			productReference = FF075A2E1E8F4DE2001DB879 /* UnitConverter.app */;
			productType = "com.apple.product-type.application";
		};
/* End PBXNativeTarget section */

/* Begin PBXProject section */
		FF075A261E8F4DE2001DB879 /* Project object */ = {
			isa = PBXProject;
			attributes = {
				LastSwiftUpdateCheck = 0830;
				LastUpgradeCheck = 0830;
				ORGANIZATIONNAME = "Khoi Truong Minh";
				TargetAttributes = {
					FF075A2D1E8F4DE2001DB879 = {
						CreatedOnToolsVersion = 8.3;
						DevelopmentTeam = 6GZ2S589H2;
						ProvisioningStyle = Automatic;
					};
				};
			};
			buildConfigurationList = FF075A291E8F4DE2001DB879 /* Build configuration list for PBXProject "UnitConverter" */;
			compatibilityVersion = "Xcode 3.2";
			developmentRegion = English;
			hasScannedForEncodings = 0;
			knownRegions = (
				en,
				Base,
			);
			mainGroup = FF075A251E8F4DE2001DB879;
			productRefGroup = FF075A2F1E8F4DE2001DB879 /* Products */;
			projectDirPath = "";
			projectRoot = "";
			targets = (
				FF075A2D1E8F4DE2001DB879 /* UnitConverter */,
			);
		};
/* End PBXProject section */

/* Begin PBXResourcesBuildPhase section */
		FF075A2C1E8F4DE2001DB879 /* Resources */ = {
			isa = PBXResourcesBuildPhase;
			buildActionMask = 2147483647;
			files = (
				FF075A3C1E8F4DE2001DB879 /* LaunchScreen.storyboard in Resources */,
				FF075A391E8F4DE2001DB879 /* Assets.xcassets in Resources */,
				FF075A371E8F4DE2001DB879 /* Main.storyboard in Resources */,
			);
			runOnlyForDeploymentPostprocessing = 0;
		};
/* End PBXResourcesBuildPhase section */

/* Begin PBXSourcesBuildPhase section */
		FF075A2A1E8F4DE2001DB879 /* Sources */ = {
			isa = PBXSourcesBuildPhase;
			buildActionMask = 2147483647;
			files = (
				FF075A471E8F4E77001DB879 /* Conversion.swift in Sources */,
				FF075A341E8F4DE2001DB879 /* ViewController.swift in Sources */,
				FF075A321E8F4DE2001DB879 /* AppDelegate.swift in Sources */,
			);
			runOnlyForDeploymentPostprocessing = 0;
		};
/* End PBXSourcesBuildPhase section */

/* Begin PBXVariantGroup section */
		FF075A351E8F4DE2001DB879 /* Main.storyboard */ = {
			isa = PBXVariantGroup;
			children = (
				FF075A361E8F4DE2001DB879 /* Base */,
			);
			name = Main.storyboard;
			sourceTree = "<group>";
		};
		FF075A3A1E8F4DE2001DB879 /* LaunchScreen.storyboard */ = {
			isa = PBXVariantGroup;
			children = (
				FF075A3B1E8F4DE2001DB879 /* Base */,
			);
			name = LaunchScreen.storyboard;
			sourceTree = "<group>";
		};
/* End PBXVariantGroup section */

/* Begin XCBuildConfiguration section */
		FF075A3E1E8F4DE2001DB879 /* Debug */ = {
			isa = XCBuildConfiguration;
			buildSettings = {
				ALWAYS_SEARCH_USER_PATHS = NO;
				CLANG_ANALYZER_NONNULL = YES;
				CLANG_ANALYZER_NUMBER_OBJECT_CONVERSION = YES_AGGRESSIVE;
				CLANG_CXX_LANGUAGE_STANDARD = "gnu++0x";
				CLANG_CXX_LIBRARY = "libc++";
				CLANG_ENABLE_MODULES = YES;
				CLANG_ENABLE_OBJC_ARC = YES;
				CLANG_WARN_BOOL_CONVERSION = YES;
				CLANG_WARN_CONSTANT_CONVERSION = YES;
				CLANG_WARN_DIRECT_OBJC_ISA_USAGE = YES_ERROR;
				CLANG_WARN_DOCUMENTATION_COMMENTS = YES;
				CLANG_WARN_EMPTY_BODY = YES;
				CLANG_WARN_ENUM_CONVERSION = YES;
				CLANG_WARN_INFINITE_RECURSION = YES;
				CLANG_WARN_INT_CONVERSION = YES;
				CLANG_WARN_OBJC_ROOT_CLASS = YES_ERROR;
				CLANG_WARN_SUSPICIOUS_MOVE = YES;
				CLANG_WARN_UNREACHABLE_CODE = YES;
				CLANG_WARN__DUPLICATE_METHOD_MATCH = YES;
				"CODE_SIGN_IDENTITY[sdk=iphoneos*]" = "iPhone Developer";
				COPY_PHASE_STRIP = NO;
				DEBUG_INFORMATION_FORMAT = dwarf;
				ENABLE_STRICT_OBJC_MSGSEND = YES;
				ENABLE_TESTABILITY = YES;
				GCC_C_LANGUAGE_STANDARD = gnu99;
				GCC_DYNAMIC_NO_PIC = NO;
				GCC_NO_COMMON_BLOCKS = YES;
				GCC_OPTIMIZATION_LEVEL = 0;
				GCC_PREPROCESSOR_DEFINITIONS = (
					"DEBUG=1",
					"$(inherited)",
				);
				GCC_WARN_64_TO_32_BIT_CONVERSION = YES;
				GCC_WARN_ABOUT_RETURN_TYPE = YES_ERROR;
				GCC_WARN_UNDECLARED_SELECTOR = YES;
				GCC_WARN_UNINITIALIZED_AUTOS = YES_AGGRESSIVE;
				GCC_WARN_UNUSED_FUNCTION = YES;
				GCC_WARN_UNUSED_VARIABLE = YES;
				IPHONEOS_DEPLOYMENT_TARGET = 10.3;
				MTL_ENABLE_DEBUG_INFO = YES;
				ONLY_ACTIVE_ARCH = YES;
				SDKROOT = iphoneos;
				SWIFT_ACTIVE_COMPILATION_CONDITIONS = DEBUG;
				SWIFT_OPTIMIZATION_LEVEL = "-Onone";
			};
			name = Debug;
		};
		FF075A3F1E8F4DE2001DB879 /* Release */ = {
			isa = XCBuildConfiguration;
			buildSettings = {
				ALWAYS_SEARCH_USER_PATHS = NO;
				CLANG_ANALYZER_NONNULL = YES;
				CLANG_ANALYZER_NUMBER_OBJECT_CONVERSION = YES_AGGRESSIVE;
				CLANG_CXX_LANGUAGE_STANDARD = "gnu++0x";
				CLANG_CXX_LIBRARY = "libc++";
				CLANG_ENABLE_MODULES = YES;
				CLANG_ENABLE_OBJC_ARC = YES;
				CLANG_WARN_BOOL_CONVERSION = YES;
				CLANG_WARN_CONSTANT_CONVERSION = YES;
				CLANG_WARN_DIRECT_OBJC_ISA_USAGE = YES_ERROR;
				CLANG_WARN_DOCUMENTATION_COMMENTS = YES;
				CLANG_WARN_EMPTY_BODY = YES;
				CLANG_WARN_ENUM_CONVERSION = YES;
				CLANG_WARN_INFINITE_RECURSION = YES;
				CLANG_WARN_INT_CONVERSION = YES;
				CLANG_WARN_OBJC_ROOT_CLASS = YES_ERROR;
				CLANG_WARN_SUSPICIOUS_MOVE = YES;
				CLANG_WARN_UNREACHABLE_CODE = YES;
				CLANG_WARN__DUPLICATE_METHOD_MATCH = YES;
				"CODE_SIGN_IDENTITY[sdk=iphoneos*]" = "iPhone Developer";
				COPY_PHASE_STRIP = NO;
				DEBUG_INFORMATION_FORMAT = "dwarf-with-dsym";
				ENABLE_NS_ASSERTIONS = NO;
				ENABLE_STRICT_OBJC_MSGSEND = YES;
				GCC_C_LANGUAGE_STANDARD = gnu99;
				GCC_NO_COMMON_BLOCKS = YES;
				GCC_WARN_64_TO_32_BIT_CONVERSION = YES;
				GCC_WARN_ABOUT_RETURN_TYPE = YES_ERROR;
				GCC_WARN_UNDECLARED_SELECTOR = YES;
				GCC_WARN_UNINITIALIZED_AUTOS = YES_AGGRESSIVE;
				GCC_WARN_UNUSED_FUNCTION = YES;
				GCC_WARN_UNUSED_VARIABLE = YES;
				IPHONEOS_DEPLOYMENT_TARGET = 10.3;
				MTL_ENABLE_DEBUG_INFO = NO;
				SDKROOT = iphoneos;
				SWIFT_OPTIMIZATION_LEVEL = "-Owholemodule";
				VALIDATE_PRODUCT = YES;
			};
			name = Release;
		};
		FF075A411E8F4DE2001DB879 /* Debug */ = {
			isa = XCBuildConfiguration;
			buildSettings = {
				ASSETCATALOG_COMPILER_APPICON_NAME = AppIcon;
				DEVELOPMENT_TEAM = 6GZ2S589H2;
				INFOPLIST_FILE = UnitConverter/Info.plist;
				LD_RUNPATH_SEARCH_PATHS = "$(inherited) @executable_path/Frameworks";
				PRODUCT_BUNDLE_IDENTIFIER = com.iossimple.UnitConverter;
				PRODUCT_NAME = "$(TARGET_NAME)";
				SWIFT_VERSION = 3.0;
			};
			name = Debug;
		};
		FF075A421E8F4DE2001DB879 /* Release */ = {
			isa = XCBuildConfiguration;
			buildSettings = {
				ASSETCATALOG_COMPILER_APPICON_NAME = AppIcon;
				DEVELOPMENT_TEAM = 6GZ2S589H2;
				INFOPLIST_FILE = UnitConverter/Info.plist;
				LD_RUNPATH_SEARCH_PATHS = "$(inherited) @executable_path/Frameworks";
				PRODUCT_BUNDLE_IDENTIFIER = com.iossimple.UnitConverter;
				PRODUCT_NAME = "$(TARGET_NAME)";
				SWIFT_VERSION = 3.0;
			};
			name = Release;
		};
/* End XCBuildConfiguration section */

/* Begin XCConfigurationList section */
		FF075A291E8F4DE2001DB879 /* Build configuration list for PBXProject "UnitConverter" */ = {
			isa = XCConfigurationList;
			buildConfigurations = (
				FF075A3E1E8F4DE2001DB879 /* Debug */,
				FF075A3F1E8F4DE2001DB879 /* Release */,
			);
			defaultConfigurationIsVisible = 0;
			defaultConfigurationName = Release;
		};
		FF075A401E8F4DE2001DB879 /* Build configuration list for PBXNativeTarget "UnitConverter" */ = {
			isa = XCConfigurationList;
			buildConfigurations = (
				FF075A411E8F4DE2001DB879 /* Debug */,
				FF075A421E8F4DE2001DB879 /* Release */,
			);
			defaultConfigurationIsVisible = 0;
		};
/* End XCConfigurationList section */
	};
	rootObject = FF075A261E8F4DE2001DB879 /* Project object */;
}
